// !$*UTF8*$!
{
	archiveVersion = 1;
	classes = {
	};
	objectVersion = 55;
	objects = {

/* Begin PBXBuildFile section */
		829A3F9728AC3F28006147BC /* FavoriteViewController.swift in Sources */ = {isa = PBXBuildFile; fileRef = 829A3F9528AC3F28006147BC /* FavoriteViewController.swift */; };
		829A3F9828AC3F28006147BC /* FavoriteViewController.xib in Resources */ = {isa = PBXBuildFile; fileRef = 829A3F9628AC3F28006147BC /* FavoriteViewController.xib */; };
		829A3F9B28AC4035006147BC /* CollectionViewCell.swift in Sources */ = {isa = PBXBuildFile; fileRef = 829A3F9928AC4035006147BC /* CollectionViewCell.swift */; };
		829A3F9C28AC4035006147BC /* CollectionViewCell.xib in Resources */ = {isa = PBXBuildFile; fileRef = 829A3F9A28AC4035006147BC /* CollectionViewCell.xib */; };
		829A3FA128ADB3D2006147BC /* NetworkTask.swift in Sources */ = {isa = PBXBuildFile; fileRef = 829A3FA028ADB3D1006147BC /* NetworkTask.swift */; };
		829A3FA528ADB713006147BC /* BaseNetworkTask.swift in Sources */ = {isa = PBXBuildFile; fileRef = 829A3FA428ADB713006147BC /* BaseNetworkTask.swift */; };
		829A3FA728ADB92D006147BC /* NetworkMethod.swift in Sources */ = {isa = PBXBuildFile; fileRef = 829A3FA628ADB92D006147BC /* NetworkMethod.swift */; };
		829A3FAA28AE24FF006147BC /* AuthService.swift in Sources */ = {isa = PBXBuildFile; fileRef = 829A3FA928AE24FF006147BC /* AuthService.swift */; };
		829A3FAC28AE2531006147BC /* AuthRequestModel.swift in Sources */ = {isa = PBXBuildFile; fileRef = 829A3FAB28AE2531006147BC /* AuthRequestModel.swift */; };
		829A3FAE28AE25E4006147BC /* AuthResponseModel.swift in Sources */ = {isa = PBXBuildFile; fileRef = 829A3FAD28AE25E4006147BC /* AuthResponseModel.swift */; };
		829A3FB128AE36FC006147BC /* PictureResponseModel.swift in Sources */ = {isa = PBXBuildFile; fileRef = 829A3FB028AE36FC006147BC /* PictureResponseModel.swift */; };
		829A3FB328AE371E006147BC /* EmptyModel.swift in Sources */ = {isa = PBXBuildFile; fileRef = 829A3FB228AE371E006147BC /* EmptyModel.swift */; };
		829A3FB528AE39EA006147BC /* PicturesService.swift in Sources */ = {isa = PBXBuildFile; fileRef = 829A3FB428AE39EA006147BC /* PicturesService.swift */; };
		829A3FB828AE3B5A006147BC /* TokenStorage.swift in Sources */ = {isa = PBXBuildFile; fileRef = 829A3FB728AE3B5A006147BC /* TokenStorage.swift */; };
		829A3FBA28AE3BAA006147BC /* TokenContainer.swift in Sources */ = {isa = PBXBuildFile; fileRef = 829A3FB928AE3BAA006147BC /* TokenContainer.swift */; };
		829A3FBC28AE3C12006147BC /* BaseTokenStorage.swift in Sources */ = {isa = PBXBuildFile; fileRef = 829A3FBB28AE3C12006147BC /* BaseTokenStorage.swift */; };
		829A3FBF28AE703A006147BC /* ImageLoader.swift in Sources */ = {isa = PBXBuildFile; fileRef = 829A3FBE28AE703A006147BC /* ImageLoader.swift */; };
		829A3FC128AE705D006147BC /* UIImageView+ImageLoader.swift in Sources */ = {isa = PBXBuildFile; fileRef = 829A3FC028AE705D006147BC /* UIImageView+ImageLoader.swift */; };
		82B445DF289AD103000D997F /* AppDelegate.swift in Sources */ = {isa = PBXBuildFile; fileRef = 82B445DE289AD103000D997F /* AppDelegate.swift */; };
		82B445E8289AD111000D997F /* Assets.xcassets in Resources */ = {isa = PBXBuildFile; fileRef = 82B445E7289AD111000D997F /* Assets.xcassets */; };
		82B445EB289AD111000D997F /* LaunchScreen.storyboard in Resources */ = {isa = PBXBuildFile; fileRef = 82B445E9289AD111000D997F /* LaunchScreen.storyboard */; };
		82B445F4289C1469000D997F /* MainViewController.swift in Sources */ = {isa = PBXBuildFile; fileRef = 82B445F2289C1469000D997F /* MainViewController.swift */; };
		82B445F5289C1469000D997F /* MainViewController.xib in Resources */ = {isa = PBXBuildFile; fileRef = 82B445F3289C1469000D997F /* MainViewController.xib */; };
		82B445F8289C381B000D997F /* ProfileViewController.swift in Sources */ = {isa = PBXBuildFile; fileRef = 82B445F6289C381B000D997F /* ProfileViewController.swift */; };
		82B445F9289C381B000D997F /* ProfileViewController.xib in Resources */ = {isa = PBXBuildFile; fileRef = 82B445F7289C381B000D997F /* ProfileViewController.xib */; };
		82B44605289C3AB1000D997F /* TabBarModel.swift in Sources */ = {isa = PBXBuildFile; fileRef = 82B44604289C3AB1000D997F /* TabBarModel.swift */; };
		82B44607289D2E6E000D997F /* TabBarConfigurator.swift in Sources */ = {isa = PBXBuildFile; fileRef = 82B44606289D2E6D000D997F /* TabBarConfigurator.swift */; };
		82B44609289DAA07000D997F /* MainModel.swift in Sources */ = {isa = PBXBuildFile; fileRef = 82B44608289DAA07000D997F /* MainModel.swift */; };
		82B4460D28A2AA91000D997F /* MainCollectionViewCell.swift in Sources */ = {isa = PBXBuildFile; fileRef = 82B4460B28A2AA91000D997F /* MainCollectionViewCell.swift */; };
		82B4460E28A2AA91000D997F /* MainCollectionViewCell.xib in Resources */ = {isa = PBXBuildFile; fileRef = 82B4460C28A2AA91000D997F /* MainCollectionViewCell.xib */; };
		82B4461428A7E06B000D997F /* SearchViewController.swift in Sources */ = {isa = PBXBuildFile; fileRef = 82B4461228A7E06A000D997F /* SearchViewController.swift */; };
		82B4461528A7E06B000D997F /* SearchViewController.xib in Resources */ = {isa = PBXBuildFile; fileRef = 82B4461328A7E06A000D997F /* SearchViewController.xib */; };
		82B4461928AAD4F6000D997F /* DetailViewController.swift in Sources */ = {isa = PBXBuildFile; fileRef = 82B4461728AAD4F6000D997F /* DetailViewController.swift */; };
		82B4461A28AAD4F6000D997F /* DetailViewController.xib in Resources */ = {isa = PBXBuildFile; fileRef = 82B4461828AAD4F6000D997F /* DetailViewController.xib */; };
		82B4461F28AAE3BC000D997F /* DetailImageTableViewCell.swift in Sources */ = {isa = PBXBuildFile; fileRef = 82B4461D28AAE3BC000D997F /* DetailImageTableViewCell.swift */; };
		82B4462028AAE3BC000D997F /* DetailImageTableViewCell.xib in Resources */ = {isa = PBXBuildFile; fileRef = 82B4461E28AAE3BC000D997F /* DetailImageTableViewCell.xib */; };
		82B4462428AAED68000D997F /* DetailTitleTableViewCell.swift in Sources */ = {isa = PBXBuildFile; fileRef = 82B4462228AAED68000D997F /* DetailTitleTableViewCell.swift */; };
		82B4462528AAED68000D997F /* DetailTitleTableViewCell.xib in Resources */ = {isa = PBXBuildFile; fileRef = 82B4462328AAED68000D997F /* DetailTitleTableViewCell.xib */; };
		82B4462E28AAF577000D997F /* DetailTextTableViewCell.swift in Sources */ = {isa = PBXBuildFile; fileRef = 82B4462C28AAF577000D997F /* DetailTextTableViewCell.swift */; };
		82B4462F28AAF577000D997F /* DetailTextTableViewCell.xib in Resources */ = {isa = PBXBuildFile; fileRef = 82B4462D28AAF577000D997F /* DetailTextTableViewCell.xib */; };
		82B4463128AAF975000D997F /* DetailItemModel.swift in Sources */ = {isa = PBXBuildFile; fileRef = 82B4463028AAF975000D997F /* DetailItemModel.swift */; };
/* End PBXBuildFile section */

/* Begin PBXFileReference section */
		829A3F9528AC3F28006147BC /* FavoriteViewController.swift */ = {isa = PBXFileReference; lastKnownFileType = sourcecode.swift; path = FavoriteViewController.swift; sourceTree = "<group>"; };
		829A3F9628AC3F28006147BC /* FavoriteViewController.xib */ = {isa = PBXFileReference; lastKnownFileType = file.xib; path = FavoriteViewController.xib; sourceTree = "<group>"; };
		829A3F9928AC4035006147BC /* CollectionViewCell.swift */ = {isa = PBXFileReference; lastKnownFileType = sourcecode.swift; path = CollectionViewCell.swift; sourceTree = "<group>"; };
		829A3F9A28AC4035006147BC /* CollectionViewCell.xib */ = {isa = PBXFileReference; lastKnownFileType = file.xib; path = CollectionViewCell.xib; sourceTree = "<group>"; };
		829A3FA028ADB3D1006147BC /* NetworkTask.swift */ = {isa = PBXFileReference; lastKnownFileType = sourcecode.swift; path = NetworkTask.swift; sourceTree = "<group>"; };
		829A3FA428ADB713006147BC /* BaseNetworkTask.swift */ = {isa = PBXFileReference; lastKnownFileType = sourcecode.swift; path = BaseNetworkTask.swift; sourceTree = "<group>"; };
		829A3FA628ADB92D006147BC /* NetworkMethod.swift */ = {isa = PBXFileReference; lastKnownFileType = sourcecode.swift; path = NetworkMethod.swift; sourceTree = "<group>"; };
		829A3FA928AE24FF006147BC /* AuthService.swift */ = {isa = PBXFileReference; lastKnownFileType = sourcecode.swift; path = AuthService.swift; sourceTree = "<group>"; };
		829A3FAB28AE2531006147BC /* AuthRequestModel.swift */ = {isa = PBXFileReference; lastKnownFileType = sourcecode.swift; path = AuthRequestModel.swift; sourceTree = "<group>"; };
		829A3FAD28AE25E4006147BC /* AuthResponseModel.swift */ = {isa = PBXFileReference; lastKnownFileType = sourcecode.swift; path = AuthResponseModel.swift; sourceTree = "<group>"; };
		829A3FB028AE36FC006147BC /* PictureResponseModel.swift */ = {isa = PBXFileReference; lastKnownFileType = sourcecode.swift; path = PictureResponseModel.swift; sourceTree = "<group>"; };
		829A3FB228AE371E006147BC /* EmptyModel.swift */ = {isa = PBXFileReference; lastKnownFileType = sourcecode.swift; path = EmptyModel.swift; sourceTree = "<group>"; };
		829A3FB428AE39EA006147BC /* PicturesService.swift */ = {isa = PBXFileReference; lastKnownFileType = sourcecode.swift; path = PicturesService.swift; sourceTree = "<group>"; };
		829A3FB728AE3B5A006147BC /* TokenStorage.swift */ = {isa = PBXFileReference; lastKnownFileType = sourcecode.swift; path = TokenStorage.swift; sourceTree = "<group>"; };
		829A3FB928AE3BAA006147BC /* TokenContainer.swift */ = {isa = PBXFileReference; lastKnownFileType = sourcecode.swift; path = TokenContainer.swift; sourceTree = "<group>"; };
		829A3FBB28AE3C12006147BC /* BaseTokenStorage.swift */ = {isa = PBXFileReference; lastKnownFileType = sourcecode.swift; path = BaseTokenStorage.swift; sourceTree = "<group>"; };
		829A3FBE28AE703A006147BC /* ImageLoader.swift */ = {isa = PBXFileReference; lastKnownFileType = sourcecode.swift; path = ImageLoader.swift; sourceTree = "<group>"; };
		829A3FC028AE705D006147BC /* UIImageView+ImageLoader.swift */ = {isa = PBXFileReference; lastKnownFileType = sourcecode.swift; path = "UIImageView+ImageLoader.swift"; sourceTree = "<group>"; };
		82B445DB289AD103000D997F /* SurfEducationProject.app */ = {isa = PBXFileReference; explicitFileType = wrapper.application; includeInIndex = 0; path = SurfEducationProject.app; sourceTree = BUILT_PRODUCTS_DIR; };
		82B445DE289AD103000D997F /* AppDelegate.swift */ = {isa = PBXFileReference; lastKnownFileType = sourcecode.swift; path = AppDelegate.swift; sourceTree = "<group>"; };
		82B445E7289AD111000D997F /* Assets.xcassets */ = {isa = PBXFileReference; lastKnownFileType = folder.assetcatalog; path = Assets.xcassets; sourceTree = "<group>"; };
		82B445EA289AD111000D997F /* Base */ = {isa = PBXFileReference; lastKnownFileType = file.storyboard; name = Base; path = Base.lproj/LaunchScreen.storyboard; sourceTree = "<group>"; };
		82B445EC289AD111000D997F /* Info.plist */ = {isa = PBXFileReference; lastKnownFileType = text.plist.xml; path = Info.plist; sourceTree = "<group>"; };
		82B445F2289C1469000D997F /* MainViewController.swift */ = {isa = PBXFileReference; lastKnownFileType = sourcecode.swift; path = MainViewController.swift; sourceTree = "<group>"; };
		82B445F3289C1469000D997F /* MainViewController.xib */ = {isa = PBXFileReference; lastKnownFileType = file.xib; path = MainViewController.xib; sourceTree = "<group>"; };
		82B445F6289C381B000D997F /* ProfileViewController.swift */ = {isa = PBXFileReference; lastKnownFileType = sourcecode.swift; path = ProfileViewController.swift; sourceTree = "<group>"; };
		82B445F7289C381B000D997F /* ProfileViewController.xib */ = {isa = PBXFileReference; lastKnownFileType = file.xib; path = ProfileViewController.xib; sourceTree = "<group>"; };
		82B44604289C3AB1000D997F /* TabBarModel.swift */ = {isa = PBXFileReference; lastKnownFileType = sourcecode.swift; path = TabBarModel.swift; sourceTree = "<group>"; };
		82B44606289D2E6D000D997F /* TabBarConfigurator.swift */ = {isa = PBXFileReference; lastKnownFileType = sourcecode.swift; path = TabBarConfigurator.swift; sourceTree = "<group>"; };
		82B44608289DAA07000D997F /* MainModel.swift */ = {isa = PBXFileReference; lastKnownFileType = sourcecode.swift; path = MainModel.swift; sourceTree = "<group>"; };
		82B4460B28A2AA91000D997F /* MainCollectionViewCell.swift */ = {isa = PBXFileReference; lastKnownFileType = sourcecode.swift; path = MainCollectionViewCell.swift; sourceTree = "<group>"; };
		82B4460C28A2AA91000D997F /* MainCollectionViewCell.xib */ = {isa = PBXFileReference; lastKnownFileType = file.xib; path = MainCollectionViewCell.xib; sourceTree = "<group>"; };
		82B4461228A7E06A000D997F /* SearchViewController.swift */ = {isa = PBXFileReference; lastKnownFileType = sourcecode.swift; path = SearchViewController.swift; sourceTree = "<group>"; };
		82B4461328A7E06A000D997F /* SearchViewController.xib */ = {isa = PBXFileReference; lastKnownFileType = file.xib; path = SearchViewController.xib; sourceTree = "<group>"; };
		82B4461728AAD4F6000D997F /* DetailViewController.swift */ = {isa = PBXFileReference; lastKnownFileType = sourcecode.swift; path = DetailViewController.swift; sourceTree = "<group>"; };
		82B4461828AAD4F6000D997F /* DetailViewController.xib */ = {isa = PBXFileReference; lastKnownFileType = file.xib; path = DetailViewController.xib; sourceTree = "<group>"; };
		82B4461D28AAE3BC000D997F /* DetailImageTableViewCell.swift */ = {isa = PBXFileReference; lastKnownFileType = sourcecode.swift; path = DetailImageTableViewCell.swift; sourceTree = "<group>"; };
		82B4461E28AAE3BC000D997F /* DetailImageTableViewCell.xib */ = {isa = PBXFileReference; lastKnownFileType = file.xib; path = DetailImageTableViewCell.xib; sourceTree = "<group>"; };
		82B4462228AAED68000D997F /* DetailTitleTableViewCell.swift */ = {isa = PBXFileReference; lastKnownFileType = sourcecode.swift; path = DetailTitleTableViewCell.swift; sourceTree = "<group>"; };
		82B4462328AAED68000D997F /* DetailTitleTableViewCell.xib */ = {isa = PBXFileReference; lastKnownFileType = file.xib; path = DetailTitleTableViewCell.xib; sourceTree = "<group>"; };
		82B4462C28AAF577000D997F /* DetailTextTableViewCell.swift */ = {isa = PBXFileReference; lastKnownFileType = sourcecode.swift; path = DetailTextTableViewCell.swift; sourceTree = "<group>"; };
		82B4462D28AAF577000D997F /* DetailTextTableViewCell.xib */ = {isa = PBXFileReference; lastKnownFileType = file.xib; path = DetailTextTableViewCell.xib; sourceTree = "<group>"; };
		82B4463028AAF975000D997F /* DetailItemModel.swift */ = {isa = PBXFileReference; lastKnownFileType = sourcecode.swift; path = DetailItemModel.swift; sourceTree = "<group>"; };
/* End PBXFileReference section */

/* Begin PBXFrameworksBuildPhase section */
		82B445D8289AD103000D997F /* Frameworks */ = {
			isa = PBXFrameworksBuildPhase;
			buildActionMask = 2147483647;
			files = (
			);
			runOnlyForDeploymentPostprocessing = 0;
		};
/* End PBXFrameworksBuildPhase section */

/* Begin PBXGroup section */
		829A3F8128ABC31F006147BC /* Cells */ = {
			isa = PBXGroup;
			children = (
				829A3F9928AC4035006147BC /* CollectionViewCell.swift */,
				829A3F9A28AC4035006147BC /* CollectionViewCell.xib */,
			);
			path = Cells;
			sourceTree = "<group>";
		};
		829A3F9D28ADB388006147BC /* Services */ = {
			isa = PBXGroup;
			children = (
				829A3FB628AE3B40006147BC /* Storage */,
				829A3F9E28ADB397006147BC /* Networking */,
			);
			path = Services;
			sourceTree = "<group>";
		};
		829A3F9E28ADB397006147BC /* Networking */ = {
			isa = PBXGroup;
			children = (
				829A3FBD28AE701C006147BC /* ImageLoader */,
				829A3FAF28AE36DB006147BC /* PictureService */,
				829A3FA828AE24EC006147BC /* AuthService */,
				829A3F9F28ADB3A6006147BC /* Core */,
			);
			path = Networking;
			sourceTree = "<group>";
		};
		829A3F9F28ADB3A6006147BC /* Core */ = {
			isa = PBXGroup;
			children = (
				829A3FA028ADB3D1006147BC /* NetworkTask.swift */,
				829A3FA428ADB713006147BC /* BaseNetworkTask.swift */,
				829A3FA628ADB92D006147BC /* NetworkMethod.swift */,
				829A3FB228AE371E006147BC /* EmptyModel.swift */,
			);
			path = Core;
			sourceTree = "<group>";
		};
		829A3FA828AE24EC006147BC /* AuthService */ = {
			isa = PBXGroup;
			children = (
				829A3FA928AE24FF006147BC /* AuthService.swift */,
				829A3FAB28AE2531006147BC /* AuthRequestModel.swift */,
				829A3FAD28AE25E4006147BC /* AuthResponseModel.swift */,
			);
			path = AuthService;
			sourceTree = "<group>";
		};
		829A3FAF28AE36DB006147BC /* PictureService */ = {
			isa = PBXGroup;
			children = (
				829A3FB028AE36FC006147BC /* PictureResponseModel.swift */,
				829A3FB428AE39EA006147BC /* PicturesService.swift */,
			);
			path = PictureService;
			sourceTree = "<group>";
		};
		829A3FB628AE3B40006147BC /* Storage */ = {
			isa = PBXGroup;
			children = (
				829A3FB728AE3B5A006147BC /* TokenStorage.swift */,
				829A3FB928AE3BAA006147BC /* TokenContainer.swift */,
				829A3FBB28AE3C12006147BC /* BaseTokenStorage.swift */,
			);
			path = Storage;
			sourceTree = "<group>";
		};
		829A3FBD28AE701C006147BC /* ImageLoader */ = {
			isa = PBXGroup;
			children = (
				829A3FBE28AE703A006147BC /* ImageLoader.swift */,
				829A3FC028AE705D006147BC /* UIImageView+ImageLoader.swift */,
			);
			path = ImageLoader;
			sourceTree = "<group>";
		};
		829A3FC228AFD8BC006147BC /* Model */ = {
			isa = PBXGroup;
			children = (
				82B44608289DAA07000D997F /* MainModel.swift */,
				82B4463028AAF975000D997F /* DetailItemModel.swift */,
			);
			path = Model;
			sourceTree = "<group>";
		};
		82B445D2289AD102000D997F = {
			isa = PBXGroup;
			children = (
				82B445DD289AD103000D997F /* SurfEducationProject */,
				82B445DC289AD103000D997F /* Products */,
			);
			sourceTree = "<group>";
		};
		82B445DC289AD103000D997F /* Products */ = {
			isa = PBXGroup;
			children = (
				82B445DB289AD103000D997F /* SurfEducationProject.app */,
			);
			name = Products;
			sourceTree = "<group>";
		};
		82B445DD289AD103000D997F /* SurfEducationProject */ = {
			isa = PBXGroup;
			children = (
				829A3F9D28ADB388006147BC /* Services */,
				82B44602289C38F7000D997F /* Application */,
				82B445FE289C386E000D997F /* MainFlow */,
				82B445DE289AD103000D997F /* AppDelegate.swift */,
			);
			path = SurfEducationProject;
			sourceTree = "<group>";
		};
		82B445FE289C386E000D997F /* MainFlow */ = {
			isa = PBXGroup;
			children = (
				82B4461628AAD243000D997F /* DetailModule */,
				82B44603289C392B000D997F /* TabBar */,
				82B4461128A7DFFF000D997F /* SearchModule */,
				82B445FF289C387D000D997F /* MainModule */,
				82B44601289C38A1000D997F /* FavoriteModule */,
				82B44600289C3892000D997F /* ProfileModule */,
			);
			path = MainFlow;
			sourceTree = "<group>";
		};
		82B445FF289C387D000D997F /* MainModule */ = {
			isa = PBXGroup;
			children = (
				829A3FC228AFD8BC006147BC /* Model */,
				82B4460A28A2AA54000D997F /* Cells */,
				82B445F2289C1469000D997F /* MainViewController.swift */,
				82B445F3289C1469000D997F /* MainViewController.xib */,
			);
			path = MainModule;
			sourceTree = "<group>";
		};
		82B44600289C3892000D997F /* ProfileModule */ = {
			isa = PBXGroup;
			children = (
				82B445F6289C381B000D997F /* ProfileViewController.swift */,
				82B445F7289C381B000D997F /* ProfileViewController.xib */,
			);
			path = ProfileModule;
			sourceTree = "<group>";
		};
		82B44601289C38A1000D997F /* FavoriteModule */ = {
			isa = PBXGroup;
			children = (
				829A3F8128ABC31F006147BC /* Cells */,
				829A3F9528AC3F28006147BC /* FavoriteViewController.swift */,
				829A3F9628AC3F28006147BC /* FavoriteViewController.xib */,
			);
			path = FavoriteModule;
			sourceTree = "<group>";
		};
		82B44602289C38F7000D997F /* Application */ = {
			isa = PBXGroup;
			children = (
				82B445E7289AD111000D997F /* Assets.xcassets */,
				82B445E9289AD111000D997F /* LaunchScreen.storyboard */,
				82B445EC289AD111000D997F /* Info.plist */,
			);
			path = Application;
			sourceTree = "<group>";
		};
		82B44603289C392B000D997F /* TabBar */ = {
			isa = PBXGroup;
			children = (
				82B44604289C3AB1000D997F /* TabBarModel.swift */,
				82B44606289D2E6D000D997F /* TabBarConfigurator.swift */,
			);
			path = TabBar;
			sourceTree = "<group>";
		};
		82B4460A28A2AA54000D997F /* Cells */ = {
			isa = PBXGroup;
			children = (
				82B4460B28A2AA91000D997F /* MainCollectionViewCell.swift */,
				82B4460C28A2AA91000D997F /* MainCollectionViewCell.xib */,
			);
			path = Cells;
			sourceTree = "<group>";
		};
		82B4461128A7DFFF000D997F /* SearchModule */ = {
			isa = PBXGroup;
			children = (
				82B4461228A7E06A000D997F /* SearchViewController.swift */,
				82B4461328A7E06A000D997F /* SearchViewController.xib */,
			);
			path = SearchModule;
			sourceTree = "<group>";
		};
		82B4461628AAD243000D997F /* DetailModule */ = {
			isa = PBXGroup;
			children = (
				82B4461B28AAE363000D997F /* Cells */,
				82B4461728AAD4F6000D997F /* DetailViewController.swift */,
				82B4461828AAD4F6000D997F /* DetailViewController.xib */,
			);
			path = DetailModule;
			sourceTree = "<group>";
		};
		82B4461B28AAE363000D997F /* Cells */ = {
			isa = PBXGroup;
			children = (
				82B4462B28AAF41D000D997F /* TextCell */,
				82B4462128AAED3B000D997F /* TitleCell */,
				82B4461C28AAE371000D997F /* ImageCell */,
			);
			path = Cells;
			sourceTree = "<group>";
		};
		82B4461C28AAE371000D997F /* ImageCell */ = {
			isa = PBXGroup;
			children = (
				82B4461D28AAE3BC000D997F /* DetailImageTableViewCell.swift */,
				82B4461E28AAE3BC000D997F /* DetailImageTableViewCell.xib */,
			);
			path = ImageCell;
			sourceTree = "<group>";
		};
		82B4462128AAED3B000D997F /* TitleCell */ = {
			isa = PBXGroup;
			children = (
				82B4462228AAED68000D997F /* DetailTitleTableViewCell.swift */,
				82B4462328AAED68000D997F /* DetailTitleTableViewCell.xib */,
			);
			path = TitleCell;
			sourceTree = "<group>";
		};
		82B4462B28AAF41D000D997F /* TextCell */ = {
			isa = PBXGroup;
			children = (
				82B4462C28AAF577000D997F /* DetailTextTableViewCell.swift */,
				82B4462D28AAF577000D997F /* DetailTextTableViewCell.xib */,
			);
			path = TextCell;
			sourceTree = "<group>";
		};
/* End PBXGroup section */

/* Begin PBXNativeTarget section */
		82B445DA289AD103000D997F /* SurfEducationProject */ = {
			isa = PBXNativeTarget;
			buildConfigurationList = 82B445EF289AD111000D997F /* Build configuration list for PBXNativeTarget "SurfEducationProject" */;
			buildPhases = (
				82B445D7289AD103000D997F /* Sources */,
				82B445D8289AD103000D997F /* Frameworks */,
				82B445D9289AD103000D997F /* Resources */,
			);
			buildRules = (
			);
			dependencies = (
			);
			name = SurfEducationProject;
			productName = SurfEducationProject;
			productReference = 82B445DB289AD103000D997F /* SurfEducationProject.app */;
			productType = "com.apple.product-type.application";
		};
/* End PBXNativeTarget section */

/* Begin PBXProject section */
		82B445D3289AD102000D997F /* Project object */ = {
			isa = PBXProject;
			attributes = {
				BuildIndependentTargetsInParallel = 1;
				LastSwiftUpdateCheck = 1330;
				LastUpgradeCheck = 1330;
				TargetAttributes = {
					82B445DA289AD103000D997F = {
						CreatedOnToolsVersion = 13.3;
					};
				};
			};
			buildConfigurationList = 82B445D6289AD102000D997F /* Build configuration list for PBXProject "SurfEducationProject" */;
			compatibilityVersion = "Xcode 13.0";
			developmentRegion = en;
			hasScannedForEncodings = 0;
			knownRegions = (
				en,
				Base,
			);
			mainGroup = 82B445D2289AD102000D997F;
			productRefGroup = 82B445DC289AD103000D997F /* Products */;
			projectDirPath = "";
			projectRoot = "";
			targets = (
				82B445DA289AD103000D997F /* SurfEducationProject */,
			);
		};
/* End PBXProject section */

/* Begin PBXResourcesBuildPhase section */
		82B445D9289AD103000D997F /* Resources */ = {
			isa = PBXResourcesBuildPhase;
			buildActionMask = 2147483647;
			files = (
				82B445EB289AD111000D997F /* LaunchScreen.storyboard in Resources */,
				82B4462028AAE3BC000D997F /* DetailImageTableViewCell.xib in Resources */,
				829A3F9C28AC4035006147BC /* CollectionViewCell.xib in Resources */,
				829A3F9828AC3F28006147BC /* FavoriteViewController.xib in Resources */,
				82B4460E28A2AA91000D997F /* MainCollectionViewCell.xib in Resources */,
				82B4462528AAED68000D997F /* DetailTitleTableViewCell.xib in Resources */,
				82B445E8289AD111000D997F /* Assets.xcassets in Resources */,
				82B4461A28AAD4F6000D997F /* DetailViewController.xib in Resources */,
				82B4462F28AAF577000D997F /* DetailTextTableViewCell.xib in Resources */,
				82B445F9289C381B000D997F /* ProfileViewController.xib in Resources */,
				82B445F5289C1469000D997F /* MainViewController.xib in Resources */,
				82B4461528A7E06B000D997F /* SearchViewController.xib in Resources */,
			);
			runOnlyForDeploymentPostprocessing = 0;
		};
/* End PBXResourcesBuildPhase section */

/* Begin PBXSourcesBuildPhase section */
		82B445D7289AD103000D997F /* Sources */ = {
			isa = PBXSourcesBuildPhase;
			buildActionMask = 2147483647;
			files = (
				82B4461F28AAE3BC000D997F /* DetailImageTableViewCell.swift in Sources */,
				82B4462428AAED68000D997F /* DetailTitleTableViewCell.swift in Sources */,
				829A3FBC28AE3C12006147BC /* BaseTokenStorage.swift in Sources */,
				829A3FC128AE705D006147BC /* UIImageView+ImageLoader.swift in Sources */,
				82B4461428A7E06B000D997F /* SearchViewController.swift in Sources */,
				82B445F4289C1469000D997F /* MainViewController.swift in Sources */,
				829A3F9728AC3F28006147BC /* FavoriteViewController.swift in Sources */,
				829A3FAC28AE2531006147BC /* AuthRequestModel.swift in Sources */,
				829A3F9B28AC4035006147BC /* CollectionViewCell.swift in Sources */,
				829A3FAA28AE24FF006147BC /* AuthService.swift in Sources */,
				829A3FB328AE371E006147BC /* EmptyModel.swift in Sources */,
				829A3FB528AE39EA006147BC /* PicturesService.swift in Sources */,
				82B445F8289C381B000D997F /* ProfileViewController.swift in Sources */,
				829A3FAE28AE25E4006147BC /* AuthResponseModel.swift in Sources */,
				829A3FB828AE3B5A006147BC /* TokenStorage.swift in Sources */,
				829A3FBF28AE703A006147BC /* ImageLoader.swift in Sources */,
				82B4463128AAF975000D997F /* DetailItemModel.swift in Sources */,
				82B4462E28AAF577000D997F /* DetailTextTableViewCell.swift in Sources */,
				829A3FB128AE36FC006147BC /* PictureResponseModel.swift in Sources */,
				829A3FA128ADB3D2006147BC /* NetworkTask.swift in Sources */,
				82B445DF289AD103000D997F /* AppDelegate.swift in Sources */,
				829A3FA728ADB92D006147BC /* NetworkMethod.swift in Sources */,
				82B4460D28A2AA91000D997F /* MainCollectionViewCell.swift in Sources */,
				829A3FA528ADB713006147BC /* BaseNetworkTask.swift in Sources */,
				82B44609289DAA07000D997F /* MainModel.swift in Sources */,
				82B4461928AAD4F6000D997F /* DetailViewController.swift in Sources */,
				82B44607289D2E6E000D997F /* TabBarConfigurator.swift in Sources */,
				82B44605289C3AB1000D997F /* TabBarModel.swift in Sources */,
				829A3FBA28AE3BAA006147BC /* TokenContainer.swift in Sources */,
			);
			runOnlyForDeploymentPostprocessing = 0;
		};
/* End PBXSourcesBuildPhase section */

/* Begin PBXVariantGroup section */
		82B445E9289AD111000D997F /* LaunchScreen.storyboard */ = {
			isa = PBXVariantGroup;
			children = (
				82B445EA289AD111000D997F /* Base */,
			);
			name = LaunchScreen.storyboard;
			sourceTree = "<group>";
		};
/* End PBXVariantGroup section */

/* Begin XCBuildConfiguration section */
		82B445ED289AD111000D997F /* Debug */ = {
			isa = XCBuildConfiguration;
			buildSettings = {
				ALWAYS_SEARCH_USER_PATHS = NO;
				CLANG_ANALYZER_NONNULL = YES;
				CLANG_ANALYZER_NUMBER_OBJECT_CONVERSION = YES_AGGRESSIVE;
				CLANG_CXX_LANGUAGE_STANDARD = "gnu++17";
				CLANG_ENABLE_MODULES = YES;
				CLANG_ENABLE_OBJC_ARC = YES;
				CLANG_ENABLE_OBJC_WEAK = YES;
				CLANG_WARN_BLOCK_CAPTURE_AUTORELEASING = YES;
				CLANG_WARN_BOOL_CONVERSION = YES;
				CLANG_WARN_COMMA = YES;
				CLANG_WARN_CONSTANT_CONVERSION = YES;
				CLANG_WARN_DEPRECATED_OBJC_IMPLEMENTATIONS = YES;
				CLANG_WARN_DIRECT_OBJC_ISA_USAGE = YES_ERROR;
				CLANG_WARN_DOCUMENTATION_COMMENTS = YES;
				CLANG_WARN_EMPTY_BODY = YES;
				CLANG_WARN_ENUM_CONVERSION = YES;
				CLANG_WARN_INFINITE_RECURSION = YES;
				CLANG_WARN_INT_CONVERSION = YES;
				CLANG_WARN_NON_LITERAL_NULL_CONVERSION = YES;
				CLANG_WARN_OBJC_IMPLICIT_RETAIN_SELF = YES;
				CLANG_WARN_OBJC_LITERAL_CONVERSION = YES;
				CLANG_WARN_OBJC_ROOT_CLASS = YES_ERROR;
				CLANG_WARN_QUOTED_INCLUDE_IN_FRAMEWORK_HEADER = YES;
				CLANG_WARN_RANGE_LOOP_ANALYSIS = YES;
				CLANG_WARN_STRICT_PROTOTYPES = YES;
				CLANG_WARN_SUSPICIOUS_MOVE = YES;
				CLANG_WARN_UNGUARDED_AVAILABILITY = YES_AGGRESSIVE;
				CLANG_WARN_UNREACHABLE_CODE = YES;
				CLANG_WARN__DUPLICATE_METHOD_MATCH = YES;
				COPY_PHASE_STRIP = NO;
				DEBUG_INFORMATION_FORMAT = dwarf;
				ENABLE_STRICT_OBJC_MSGSEND = YES;
				ENABLE_TESTABILITY = YES;
				GCC_C_LANGUAGE_STANDARD = gnu11;
				GCC_DYNAMIC_NO_PIC = NO;
				GCC_NO_COMMON_BLOCKS = YES;
				GCC_OPTIMIZATION_LEVEL = 0;
				GCC_PREPROCESSOR_DEFINITIONS = (
					"DEBUG=1",
					"$(inherited)",
				);
				GCC_WARN_64_TO_32_BIT_CONVERSION = YES;
				GCC_WARN_ABOUT_RETURN_TYPE = YES_ERROR;
				GCC_WARN_UNDECLARED_SELECTOR = YES;
				GCC_WARN_UNINITIALIZED_AUTOS = YES_AGGRESSIVE;
				GCC_WARN_UNUSED_FUNCTION = YES;
				GCC_WARN_UNUSED_VARIABLE = YES;
				IPHONEOS_DEPLOYMENT_TARGET = 15.4;
				MTL_ENABLE_DEBUG_INFO = INCLUDE_SOURCE;
				MTL_FAST_MATH = YES;
				ONLY_ACTIVE_ARCH = YES;
				SDKROOT = iphoneos;
				SWIFT_ACTIVE_COMPILATION_CONDITIONS = DEBUG;
				SWIFT_OPTIMIZATION_LEVEL = "-Onone";
			};
			name = Debug;
		};
		82B445EE289AD111000D997F /* Release */ = {
			isa = XCBuildConfiguration;
			buildSettings = {
				ALWAYS_SEARCH_USER_PATHS = NO;
				CLANG_ANALYZER_NONNULL = YES;
				CLANG_ANALYZER_NUMBER_OBJECT_CONVERSION = YES_AGGRESSIVE;
				CLANG_CXX_LANGUAGE_STANDARD = "gnu++17";
				CLANG_ENABLE_MODULES = YES;
				CLANG_ENABLE_OBJC_ARC = YES;
				CLANG_ENABLE_OBJC_WEAK = YES;
				CLANG_WARN_BLOCK_CAPTURE_AUTORELEASING = YES;
				CLANG_WARN_BOOL_CONVERSION = YES;
				CLANG_WARN_COMMA = YES;
				CLANG_WARN_CONSTANT_CONVERSION = YES;
				CLANG_WARN_DEPRECATED_OBJC_IMPLEMENTATIONS = YES;
				CLANG_WARN_DIRECT_OBJC_ISA_USAGE = YES_ERROR;
				CLANG_WARN_DOCUMENTATION_COMMENTS = YES;
				CLANG_WARN_EMPTY_BODY = YES;
				CLANG_WARN_ENUM_CONVERSION = YES;
				CLANG_WARN_INFINITE_RECURSION = YES;
				CLANG_WARN_INT_CONVERSION = YES;
				CLANG_WARN_NON_LITERAL_NULL_CONVERSION = YES;
				CLANG_WARN_OBJC_IMPLICIT_RETAIN_SELF = YES;
				CLANG_WARN_OBJC_LITERAL_CONVERSION = YES;
				CLANG_WARN_OBJC_ROOT_CLASS = YES_ERROR;
				CLANG_WARN_QUOTED_INCLUDE_IN_FRAMEWORK_HEADER = YES;
				CLANG_WARN_RANGE_LOOP_ANALYSIS = YES;
				CLANG_WARN_STRICT_PROTOTYPES = YES;
				CLANG_WARN_SUSPICIOUS_MOVE = YES;
				CLANG_WARN_UNGUARDED_AVAILABILITY = YES_AGGRESSIVE;
				CLANG_WARN_UNREACHABLE_CODE = YES;
				CLANG_WARN__DUPLICATE_METHOD_MATCH = YES;
				COPY_PHASE_STRIP = NO;
				DEBUG_INFORMATION_FORMAT = "dwarf-with-dsym";
				ENABLE_NS_ASSERTIONS = NO;
				ENABLE_STRICT_OBJC_MSGSEND = YES;
				GCC_C_LANGUAGE_STANDARD = gnu11;
				GCC_NO_COMMON_BLOCKS = YES;
				GCC_WARN_64_TO_32_BIT_CONVERSION = YES;
				GCC_WARN_ABOUT_RETURN_TYPE = YES_ERROR;
				GCC_WARN_UNDECLARED_SELECTOR = YES;
				GCC_WARN_UNINITIALIZED_AUTOS = YES_AGGRESSIVE;
				GCC_WARN_UNUSED_FUNCTION = YES;
				GCC_WARN_UNUSED_VARIABLE = YES;
				IPHONEOS_DEPLOYMENT_TARGET = 15.4;
				MTL_ENABLE_DEBUG_INFO = NO;
				MTL_FAST_MATH = YES;
				SDKROOT = iphoneos;
				SWIFT_COMPILATION_MODE = wholemodule;
				SWIFT_OPTIMIZATION_LEVEL = "-O";
				VALIDATE_PRODUCT = YES;
			};
			name = Release;
		};
		82B445F0289AD111000D997F /* Debug */ = {
			isa = XCBuildConfiguration;
			buildSettings = {
				ASSETCATALOG_COMPILER_APPICON_NAME = AppIcon;
				ASSETCATALOG_COMPILER_GLOBAL_ACCENT_COLOR_NAME = AccentColor;
				CODE_SIGN_STYLE = Automatic;
				CURRENT_PROJECT_VERSION = 1;
				GENERATE_INFOPLIST_FILE = YES;
				INFOPLIST_FILE = SurfEducationProject/Application/Info.plist;
				INFOPLIST_KEY_UIApplicationSupportsIndirectInputEvents = YES;
				INFOPLIST_KEY_UILaunchStoryboardName = LaunchScreen;
				INFOPLIST_KEY_UISupportedInterfaceOrientations_iPad = "UIInterfaceOrientationPortrait UIInterfaceOrientationPortraitUpsideDown UIInterfaceOrientationLandscapeLeft UIInterfaceOrientationLandscapeRight";
				INFOPLIST_KEY_UISupportedInterfaceOrientations_iPhone = "UIInterfaceOrientationPortrait UIInterfaceOrientationLandscapeLeft UIInterfaceOrientationLandscapeRight";
				LD_RUNPATH_SEARCH_PATHS = (
					"$(inherited)",
					"@executable_path/Frameworks",
				);
				MARKETING_VERSION = 1.0;
				PRODUCT_BUNDLE_IDENTIFIER = d.SurfEducationProject;
				PRODUCT_NAME = "$(TARGET_NAME)";
				SWIFT_EMIT_LOC_STRINGS = YES;
				SWIFT_VERSION = 5.0;
				TARGETED_DEVICE_FAMILY = "1,2";
			};
			name = Debug;
		};
		82B445F1289AD111000D997F /* Release */ = {
			isa = XCBuildConfiguration;
			buildSettings = {
				ASSETCATALOG_COMPILER_APPICON_NAME = AppIcon;
				ASSETCATALOG_COMPILER_GLOBAL_ACCENT_COLOR_NAME = AccentColor;
				CODE_SIGN_STYLE = Automatic;
				CURRENT_PROJECT_VERSION = 1;
				GENERATE_INFOPLIST_FILE = YES;
				INFOPLIST_FILE = SurfEducationProject/Application/Info.plist;
				INFOPLIST_KEY_UIApplicationSupportsIndirectInputEvents = YES;
				INFOPLIST_KEY_UILaunchStoryboardName = LaunchScreen;
				INFOPLIST_KEY_UISupportedInterfaceOrientations_iPad = "UIInterfaceOrientationPortrait UIInterfaceOrientationPortraitUpsideDown UIInterfaceOrientationLandscapeLeft UIInterfaceOrientationLandscapeRight";
				INFOPLIST_KEY_UISupportedInterfaceOrientations_iPhone = "UIInterfaceOrientationPortrait UIInterfaceOrientationLandscapeLeft UIInterfaceOrientationLandscapeRight";
				LD_RUNPATH_SEARCH_PATHS = (
					"$(inherited)",
					"@executable_path/Frameworks",
				);
				MARKETING_VERSION = 1.0;
				PRODUCT_BUNDLE_IDENTIFIER = d.SurfEducationProject;
				PRODUCT_NAME = "$(TARGET_NAME)";
				SWIFT_EMIT_LOC_STRINGS = YES;
				SWIFT_VERSION = 5.0;
				TARGETED_DEVICE_FAMILY = "1,2";
			};
			name = Release;
		};
/* End XCBuildConfiguration section */

/* Begin XCConfigurationList section */
		82B445D6289AD102000D997F /* Build configuration list for PBXProject "SurfEducationProject" */ = {
			isa = XCConfigurationList;
			buildConfigurations = (
				82B445ED289AD111000D997F /* Debug */,
				82B445EE289AD111000D997F /* Release */,
			);
			defaultConfigurationIsVisible = 0;
			defaultConfigurationName = Release;
		};
		82B445EF289AD111000D997F /* Build configuration list for PBXNativeTarget "SurfEducationProject" */ = {
			isa = XCConfigurationList;
			buildConfigurations = (
				82B445F0289AD111000D997F /* Debug */,
				82B445F1289AD111000D997F /* Release */,
			);
			defaultConfigurationIsVisible = 0;
			defaultConfigurationName = Release;
		};
/* End XCConfigurationList section */
	};
	rootObject = 82B445D3289AD102000D997F /* Project object */;
}
